# Generated by pub
# See https://dart.dev/tools/pub/glossary#lockfile
packages:
  _flutterfire_internals:
    dependency: transitive
    description:
      name: _flutterfire_internals
      sha256: "4eec93681221723a686ad580c2e7d960e1017cf1a4e0a263c2573c2c6b0bf5cd"
      url: "https://pub.dev"
    source: hosted
    version: "1.3.25"
  args:
    dependency: transitive
    description:
      name: args
      sha256: eef6c46b622e0494a36c5a12d10d77fb4e855501a91c1b9ef9339326e58f0596
      url: "https://pub.dev"
    source: hosted
    version: "2.4.2"
  async:
    dependency: transitive
    description:
      name: async
      sha256: "947bfcf187f74dbc5e146c9eb9c0f10c9f8b30743e341481c1e2ed3ecc18c20c"
      url: "https://pub.dev"
    source: hosted
    version: "2.11.0"
  boolean_selector:
    dependency: transitive
    description:
      name: boolean_selector
      sha256: "6cfb5af12253eaf2b368f07bacc5a80d1301a071c73360d746b7f2e32d762c66"
      url: "https://pub.dev"
    source: hosted
    version: "2.1.1"
  characters:
    dependency: transitive
    description:
      name: characters
      sha256: "04a925763edad70e8443c99234dc3328f442e811f1d8fd1a72f1c8ad0f69a605"
      url: "https://pub.dev"
    source: hosted
    version: "1.3.0"
  clock:
    dependency: transitive
    description:
      name: clock
      sha256: cb6d7f03e1de671e34607e909a7213e31d7752be4fb66a86d29fe1eb14bfb5cf
      url: "https://pub.dev"
    source: hosted
    version: "1.1.1"
  cloud_firestore:
    dependency: "direct main"
    description:
      name: cloud_firestore
      sha256: "31cfa4d65d6e9ea837234fffe121304034c30c9214c06207b4a35867e3757900"
      url: "https://pub.dev"
    source: hosted
    version: "4.15.8"
  cloud_firestore_platform_interface:
    dependency: transitive
    description:
      name: cloud_firestore_platform_interface
      sha256: a0097a26569b015faf8142e159e855241609ea9a1738b5fd1c40bfe8411b41a0
      url: "https://pub.dev"
    source: hosted
    version: "6.1.9"
  cloud_firestore_web:
    dependency: transitive
    description:
      name: cloud_firestore_web
      sha256: ed680ece29a5750985119c09cdc276b460c3a2fa80e8c12f9b7241f6b4a7ca16
      url: "https://pub.dev"
    source: hosted
    version: "3.10.8"
  cloud_functions:
    dependency: "direct main"
    description:
      name: cloud_functions
      sha256: "25e2d24041233a86e62df6dfa82e506760ae42070486c5c09143b7fdf8c0f85a"
      url: "https://pub.dev"
    source: hosted
    version: "4.6.8"
  cloud_functions_platform_interface:
    dependency: transitive
    description:
      name: cloud_functions_platform_interface
      sha256: "4fad722fd2bf41ac1a318d12c5bdd1cc01ab69e372e8300d54e0cc6cd765a759"
      url: "https://pub.dev"
    source: hosted
    version: "5.5.19"
  cloud_functions_web:
    dependency: transitive
    description:
      name: cloud_functions_web
      sha256: "3bf4959d0795e2731aadc70d2ae4e9b5edc03a0e2e5939449c649ab8e04d4e1a"
      url: "https://pub.dev"
    source: hosted
    version: "4.7.2"
  collection:
    dependency: transitive
    description:
      name: collection
      sha256: ee67cb0715911d28db6bf4af1026078bd6f0128b07a5f66fb2ed94ec6783c09a
      url: "https://pub.dev"
    source: hosted
    version: "1.18.0"
  csslib:
    dependency: transitive
    description:
      name: csslib
      sha256: "706b5707578e0c1b4b7550f64078f0a0f19dec3f50a178ffae7006b0a9ca58fb"
      url: "https://pub.dev"
    source: hosted
    version: "1.0.0"
  cupertino_icons:
    dependency: "direct main"
    description:
      name: cupertino_icons
      sha256: d57953e10f9f8327ce64a508a355f0b1ec902193f66288e8cb5070e7c47eeb2d
      url: "https://pub.dev"
    source: hosted
    version: "1.0.6"
  dotenv:
    dependency: "direct main"
    description:
      name: dotenv
      sha256: "379e64b6fc82d3df29461d349a1796ecd2c436c480d4653f3af6872eccbc90e1"
      url: "https://pub.dev"
    source: hosted
    version: "4.2.0"
  fake_async:
    dependency: transitive
    description:
      name: fake_async
      sha256: "511392330127add0b769b75a987850d136345d9227c6b94c96a04cf4a391bf78"
      url: "https://pub.dev"
    source: hosted
    version: "1.3.1"
  firebase_analytics:
    dependency: "direct main"
    description:
      name: firebase_analytics
      sha256: b13cbf1ee78744ca5e6b762e9218db3bd3967a0edfed75f58339907892a2ccb9
      url: "https://pub.dev"
    source: hosted
    version: "10.8.9"
  firebase_analytics_platform_interface:
    dependency: transitive
    description:
      name: firebase_analytics_platform_interface
      sha256: "416b33d62033db5ecd2df719fcb657ad04e9995fa0fc392ffdab4ca0e76cb679"
      url: "https://pub.dev"
    source: hosted
    version: "3.9.9"
  firebase_analytics_web:
    dependency: transitive
    description:
      name: firebase_analytics_web
      sha256: "9dca9d8d468172444ef18cabb73fe99f7aae24733bfad67115bd36bffd2d65c1"
      url: "https://pub.dev"
    source: hosted
    version: "0.5.5+21"
  firebase_app_check:
    dependency: "direct main"
    description:
      name: firebase_app_check
      sha256: "4f4933921d21875557d567f968be5f4541ad729c2957bbeaa34bd6a4b81cb85e"
      url: "https://pub.dev"
    source: hosted
    version: "0.2.1+17"
  firebase_app_check_platform_interface:
    dependency: transitive
    description:
      name: firebase_app_check_platform_interface
      sha256: dbb89d5ee599e6ebcc5efd707e7340c8943f0579648d29f2d599187b91150784
      url: "https://pub.dev"
    source: hosted
    version: "0.1.0+19"
  firebase_app_check_web:
    dependency: transitive
    description:
      name: firebase_app_check_web
      sha256: "13c6a9b17d0161575be719cc542e2d7a7e55556571c64aa2bd826d104bcb1ba6"
      url: "https://pub.dev"
    source: hosted
    version: "0.1.0+19"
  firebase_app_installations:
    dependency: "direct main"
    description:
      name: firebase_app_installations
      sha256: e87f357b2ab72deb4fb849f36a6555fe61c011fff2cbbafdef829b6f05794c78
      url: "https://pub.dev"
    source: hosted
    version: "0.2.4+17"
  firebase_app_installations_platform_interface:
    dependency: transitive
    description:
      name: firebase_app_installations_platform_interface
      sha256: "98beb535deabc13de2a952cc2c2c38dd9d1c5010c122c86a8b6dcc0ab9799af5"
      url: "https://pub.dev"
    source: hosted
    version: "0.1.4+25"
  firebase_app_installations_web:
    dependency: transitive
    description:
      name: firebase_app_installations_web
      sha256: ed567d08109422300fd9887f9403333329f14c84ead06c68e2e96fba5edda56b
      url: "https://pub.dev"
    source: hosted
    version: "0.1.3+25"
  firebase_auth:
    dependency: "direct main"
    description:
      name: firebase_auth
      sha256: "17b841e1b000c3441b8ffceca88f468e078d0443db9643e77541bdfb7a3fd16b"
      url: "https://pub.dev"
    source: hosted
    version: "4.17.8"
  firebase_auth_platform_interface:
    dependency: transitive
    description:
      name: firebase_auth_platform_interface
      sha256: f294ceef40409a36c819a14280ca864fe487b44033e5276443377c66cb448310
      url: "https://pub.dev"
    source: hosted
    version: "7.1.8"
  firebase_auth_web:
    dependency: transitive
    description:
      name: firebase_auth_web
      sha256: "1f231da900fe7ff9f2974f8adcbdb3363c410c24725978afa5dc33e1e7e62e06"
      url: "https://pub.dev"
    source: hosted
    version: "5.9.8"
  firebase_core:
    dependency: "direct main"
    description:
      name: firebase_core
      sha256: "53316975310c8af75a96e365f9fccb67d1c544ef0acdbf0d88bbe30eedd1c4f9"
      url: "https://pub.dev"
    source: hosted
    version: "2.27.0"
  firebase_core_platform_interface:
    dependency: transitive
    description:
      name: firebase_core_platform_interface
      sha256: c437ae5d17e6b5cc7981cf6fd458a5db4d12979905f9aafd1fea930428a9fe63
      url: "https://pub.dev"
    source: hosted
    version: "5.0.0"
  firebase_core_web:
    dependency: transitive
    description:
      name: firebase_core_web
      sha256: c8e1d59385eee98de63c92f961d2a7062c5d9a65e7f45bdc7f1b0b205aab2492
      url: "https://pub.dev"
    source: hosted
    version: "2.11.5"
  firebase_crashlytics:
    dependency: "direct main"
    description:
      name: firebase_crashlytics
      sha256: c4f1b723d417bc9c4774810e774ff91df8fb0032d33fb2888b2c887e865581b8
      url: "https://pub.dev"
    source: hosted
    version: "3.4.18"
  firebase_crashlytics_platform_interface:
    dependency: transitive
    description:
      name: firebase_crashlytics_platform_interface
      sha256: c5a11fca3df76a98e3fa68fde8b10a08aacb9a7639f619fbfd4dad6c67a08643
      url: "https://pub.dev"
    source: hosted
    version: "3.6.25"
  firebase_database:
    dependency: "direct main"
    description:
      name: firebase_database
      sha256: "7f6eb8b0a91e8596b53c2ca727acb8cea7cc32b776b8f9252389cce8adfbcbe0"
      url: "https://pub.dev"
    source: hosted
    version: "10.4.9"
  firebase_database_platform_interface:
    dependency: transitive
    description:
      name: firebase_database_platform_interface
      sha256: bf28ef7212b90cdbd2a1319f14a16459ec49a29bdbc98a28d9902d18a58d5156
      url: "https://pub.dev"
    source: hosted
    version: "0.2.5+25"
  firebase_database_web:
    dependency: transitive
    description:
      name: firebase_database_web
      sha256: "6fdd5c77826bf73f00f672d48c1ec352a2359fff301bcf52bc661149812fc37a"
      url: "https://pub.dev"
    source: hosted
    version: "0.2.3+25"
  firebase_dynamic_links:
    dependency: "direct main"
    description:
      name: firebase_dynamic_links
      sha256: daa5fabca10d50b3beee577995b29ab148b02b4d7845dc37c6036d5a5a40f653
      url: "https://pub.dev"
    source: hosted
    version: "5.4.17"
  firebase_dynamic_links_platform_interface:
    dependency: transitive
    description:
      name: firebase_dynamic_links_platform_interface
      sha256: e77a36ad8d2b8e0333eaa35a3a706530dfe8f46bf774fab963b5ada115c70d76
      url: "https://pub.dev"
    source: hosted
    version: "0.2.6+25"
  firebase_in_app_messaging:
    dependency: "direct main"
    description:
      name: firebase_in_app_messaging
      sha256: cf192cdef8e7fc065bb12b89f565e782ae38e72ea4f60c28e9b81afc2dff1d7c
      url: "https://pub.dev"
    source: hosted
    version: "0.7.4+17"
  firebase_in_app_messaging_platform_interface:
    dependency: transitive
    description:
      name: firebase_in_app_messaging_platform_interface
      sha256: "9a90be97c7316facca6d1c710049afab2770885585bf538a867786190ad9d624"
      url: "https://pub.dev"
    source: hosted
    version: "0.2.4+25"
  firebase_messaging:
    dependency: "direct main"
    description:
      name: firebase_messaging
      sha256: e41586e0fd04fe9a40424f8b0053d0832e6d04f49e020cdaf9919209a28497e9
      url: "https://pub.dev"
    source: hosted
    version: "14.7.19"
  firebase_messaging_platform_interface:
    dependency: transitive
    description:
      name: firebase_messaging_platform_interface
      sha256: f7a9d74ff7fc588a924f6b2eaeaa148b0db521b13a9db55f6ad45864fa98c06e
      url: "https://pub.dev"
    source: hosted
    version: "4.5.27"
  firebase_messaging_web:
    dependency: transitive
    description:
      name: firebase_messaging_web
      sha256: fc21e771166860c55b103701c5ac7cdb2eec28897b97c42e6e5703cbedf9e02e
      url: "https://pub.dev"
    source: hosted
    version: "3.6.8"
  firebase_ml_model_downloader:
    dependency: "direct main"
    description:
      name: firebase_ml_model_downloader
      sha256: ad975ce2b021215c9adcec06e7843a77ea1d8092b41230ea1d5d08528aa547c4
      url: "https://pub.dev"
    source: hosted
    version: "0.2.4+16"
  firebase_ml_model_downloader_platform_interface:
    dependency: transitive
    description:
      name: firebase_ml_model_downloader_platform_interface
      sha256: fa393232077d5f9ee52c20a6ad0508e313a937963d55138eeadd5c213e170d08
      url: "https://pub.dev"
    source: hosted
    version: "0.1.4+24"
  firebase_performance:
    dependency: "direct main"
    description:
      name: firebase_performance
      sha256: "28cf10f0b0b8b7416b4ec800f81847ac684eb4d009a9386a7b0b5e39858be790"
      url: "https://pub.dev"
    source: hosted
    version: "0.9.3+17"
  firebase_performance_platform_interface:
    dependency: transitive
    description:
      name: firebase_performance_platform_interface
      sha256: "85332a719cfc5c7c7af7c56821690a2db361931b70e7bbb86d3b454e9ecf9996"
      url: "https://pub.dev"
    source: hosted
    version: "0.1.4+25"
  firebase_performance_web:
    dependency: transitive
    description:
      name: firebase_performance_web
      sha256: dccc79b6eb4a1160e52d766a2fb751803b74ae76449ae3346864eb203adfad33
      url: "https://pub.dev"
    source: hosted
    version: "0.1.4+25"
  firebase_remote_config:
    dependency: "direct main"
    description:
      name: firebase_remote_config
      sha256: b085a72c007bd8f177a7ab98b8292d764659b07fb6b0561b84125239ee656efc
      url: "https://pub.dev"
    source: hosted
    version: "4.3.17"
  firebase_remote_config_platform_interface:
    dependency: transitive
    description:
      name: firebase_remote_config_platform_interface
      sha256: c589e007156b2c9f903253764c108abb96c1b56dd17cf0b91afc4b72ccab7bb6
      url: "https://pub.dev"
    source: hosted
    version: "1.4.25"
  firebase_remote_config_web:
    dependency: transitive
    description:
      name: firebase_remote_config_web
      sha256: "92443c70e2721ab9d4beb23eb1d9f971da7381332451daee04f619b0f9204569"
      url: "https://pub.dev"
    source: hosted
    version: "1.4.25"
  firebase_storage:
    dependency: "direct main"
    description:
      name: firebase_storage
      sha256: ce1b0efe8dc111058c5f079b2f2ce84906d030d0fd2eef70c42ca1253c67039a
      url: "https://pub.dev"
    source: hosted
    version: "11.6.9"
  firebase_storage_platform_interface:
    dependency: transitive
    description:
      name: firebase_storage_platform_interface
      sha256: "4a2b64d4dac096390a0b7f2e7b6d086d0546c4a1bf7ee3fc4b5ae4cc41005c46"
      url: "https://pub.dev"
    source: hosted
    version: "5.1.12"
  firebase_storage_web:
    dependency: transitive
    description:
      name: firebase_storage_web
      sha256: "4153814db8d59138e816d9f016736e4095c45675a2c18f2868d11ffd8cc6a4ca"
      url: "https://pub.dev"
    source: hosted
    version: "3.7.3"
  flutter:
    dependency: "direct main"
    description: flutter
    source: sdk
    version: "0.0.0"
  flutter_lints:
    dependency: "direct dev"
    description:
      name: flutter_lints
      sha256: e2a421b7e59244faef694ba7b30562e489c2b489866e505074eb005cd7060db7
      url: "https://pub.dev"
    source: hosted
    version: "3.0.1"
  flutter_plugin_android_lifecycle:
    dependency: transitive
    description:
      name: flutter_plugin_android_lifecycle
      sha256: b068ffc46f82a55844acfa4fdbb61fad72fa2aef0905548419d97f0f95c456da
      url: "https://pub.dev"
    source: hosted
    version: "2.0.17"
  flutter_test:
    dependency: "direct dev"
    description: flutter
    source: sdk
    version: "0.0.0"
  flutter_web_plugins:
    dependency: transitive
    description: flutter
    source: sdk
    version: "0.0.0"
  google_maps:
    dependency: transitive
    description:
      name: google_maps
      sha256: "555d5d736339b0478e821167ac521c810d7b51c3b2734e6802a9f046b64ea37a"
      url: "https://pub.dev"
    source: hosted
    version: "6.3.0"
  google_maps_flutter:
    dependency: "direct main"
    description:
      name: google_maps_flutter
      sha256: ae66fef3e71261d7df2eff29b2a119e190b2884325ecaa55321b1e17b5504066
      url: "https://pub.dev"
    source: hosted
    version: "2.5.3"
  google_maps_flutter_android:
    dependency: transitive
    description:
      name: google_maps_flutter_android
      sha256: "256b3c974e415bd17555ceff76a5d0badd2cbfd29febfc23070993358f639550"
      url: "https://pub.dev"
    source: hosted
    version: "2.7.0"
  google_maps_flutter_ios:
    dependency: transitive
    description:
      name: google_maps_flutter_ios
      sha256: "0997f99d8bd8712f648a49bfc96a3cf2713cfdaf73a005c719aab74eaef94030"
      url: "https://pub.dev"
    source: hosted
    version: "2.5.0"
  google_maps_flutter_platform_interface:
    dependency: transitive
    description:
      name: google_maps_flutter_platform_interface
      sha256: "167af879da4d004cd58771f1469b91dcc3b9b0a2c5334cc6bf71fd41d4b35403"
      url: "https://pub.dev"
    source: hosted
    version: "2.6.0"
  google_maps_flutter_web:
    dependency: transitive
    description:
      name: google_maps_flutter_web
      sha256: "6245721c160d6f531c1ef568cf9bef8d660cd585a982aa75121269030163785a"
      url: "https://pub.dev"
    source: hosted
    version: "0.5.4+3"
  html:
    dependency: transitive
    description:
      name: html
      sha256: "3a7812d5bcd2894edf53dfaf8cd640876cf6cef50a8f238745c8b8120ea74d3a"
      url: "https://pub.dev"
    source: hosted
    version: "0.15.4"
  http:
    dependency: "direct main"
    description:
      name: http
      sha256: a2bbf9d017fcced29139daa8ed2bba4ece450ab222871df93ca9eec6f80c34ba
      url: "https://pub.dev"
    source: hosted
    version: "1.2.0"
  http_parser:
    dependency: transitive
    description:
      name: http_parser
      sha256: "2aa08ce0341cc9b354a498388e30986515406668dbcc4f7c950c3e715496693b"
      url: "https://pub.dev"
    source: hosted
    version: "4.0.2"
  js:
    dependency: transitive
    description:
      name: js
      sha256: f2c445dce49627136094980615a031419f7f3eb393237e4ecd97ac15dea343f3
      url: "https://pub.dev"
    source: hosted
    version: "0.6.7"
  js_wrapping:
    dependency: transitive
    description:
      name: js_wrapping
      sha256: e385980f7c76a8c1c9a560dfb623b890975841542471eade630b2871d243851c
      url: "https://pub.dev"
    source: hosted
    version: "0.7.4"
  lints:
    dependency: transitive
    description:
      name: lints
      sha256: cbf8d4b858bb0134ef3ef87841abdf8d63bfc255c266b7bf6b39daa1085c4290
      url: "https://pub.dev"
    source: hosted
    version: "3.0.0"
  matcher:
    dependency: transitive
    description:
      name: matcher
      sha256: "1803e76e6653768d64ed8ff2e1e67bea3ad4b923eb5c56a295c3e634bad5960e"
      url: "https://pub.dev"
    source: hosted
    version: "0.12.16"
  material_color_utilities:
    dependency: transitive
    description:
      name: material_color_utilities
      sha256: "9528f2f296073ff54cb9fee677df673ace1218163c3bc7628093e7eed5203d41"
      url: "https://pub.dev"
    source: hosted
    version: "0.5.0"
  meta:
    dependency: transitive
    description:
      name: meta
      sha256: a6e590c838b18133bb482a2745ad77c5bb7715fb0451209e1a7567d416678b8e
      url: "https://pub.dev"
    source: hosted
    version: "1.10.0"
  path:
    dependency: transitive
    description:
      name: path
      sha256: "8829d8a55c13fc0e37127c29fedf290c102f4e40ae94ada574091fe0ff96c917"
      url: "https://pub.dev"
    source: hosted
    version: "1.8.3"
  plugin_platform_interface:
    dependency: transitive
    description:
      name: plugin_platform_interface
      sha256: "4820fbfdb9478b1ebae27888254d445073732dae3d6ea81f0b7e06d5dedc3f02"
      url: "https://pub.dev"
    source: hosted
    version: "2.1.8"
  sanitize_html:
    dependency: transitive
    description:
      name: sanitize_html
      sha256: "12669c4a913688a26555323fb9cec373d8f9fbe091f2d01c40c723b33caa8989"
      url: "https://pub.dev"
    source: hosted
    version: "2.1.0"
  sky_engine:
    dependency: transitive
    description: flutter
    source: sdk
    version: "0.0.99"
  source_span:
    dependency: transitive
    description:
      name: source_span
      sha256: "53e943d4206a5e30df338fd4c6e7a077e02254531b138a15aec3bd143c1a8b3c"
      url: "https://pub.dev"
    source: hosted
    version: "1.10.0"
  stack_trace:
    dependency: transitive
    description:
      name: stack_trace
      sha256: "73713990125a6d93122541237550ee3352a2d84baad52d375a4cad2eb9b7ce0b"
      url: "https://pub.dev"
    source: hosted
    version: "1.11.1"
  stream_channel:
    dependency: transitive
    description:
      name: stream_channel
      sha256: ba2aa5d8cc609d96bbb2899c28934f9e1af5cddbd60a827822ea467161eb54e7
      url: "https://pub.dev"
    source: hosted
    version: "2.1.2"
  stream_transform:
    dependency: transitive
    description:
      name: stream_transform
      sha256: "14a00e794c7c11aa145a170587321aedce29769c08d7f58b1d141da75e3b1c6f"
      url: "https://pub.dev"
    source: hosted
    version: "2.1.0"
  string_scanner:
    dependency: transitive
    description:
      name: string_scanner
      sha256: "556692adab6cfa87322a115640c11f13cb77b3f076ddcc5d6ae3c20242bedcde"
      url: "https://pub.dev"
    source: hosted
    version: "1.2.0"
  term_glyph:
    dependency: transitive
    description:
      name: term_glyph
      sha256: a29248a84fbb7c79282b40b8c72a1209db169a2e0542bce341da992fe1bc7e84
      url: "https://pub.dev"
    source: hosted
    version: "1.2.1"
  test_api:
    dependency: transitive
    description:
      name: test_api
      sha256: "5c2f730018264d276c20e4f1503fd1308dfbbae39ec8ee63c5236311ac06954b"
      url: "https://pub.dev"
    source: hosted
    version: "0.6.1"
  typed_data:
    dependency: transitive
    description:
      name: typed_data
      sha256: facc8d6582f16042dd49f2463ff1bd6e2c9ef9f3d5da3d9b087e244a7b564b3c
      url: "https://pub.dev"
    source: hosted
    version: "1.3.2"
  vector_math:
    dependency: transitive
    description:
      name: vector_math
      sha256: "80b3257d1492ce4d091729e3a67a60407d227c27241d6927be0130c98e741803"
      url: "https://pub.dev"
    source: hosted
    version: "2.1.4"
  web:
    dependency: transitive
    description:
      name: web
      sha256: afe077240a270dcfd2aafe77602b4113645af95d0ad31128cc02bce5ac5d5152
      url: "https://pub.dev"
    source: hosted
    version: "0.3.0"
sdks:
  dart: ">=3.2.6 <4.0.0"
  flutter: ">=3.16.6"
